
Microsoft Visual Studio Solution File, Format Version 12.00
# Visual Studio Version 17
VisualStudioVersion = 17.11.35208.52
MinimumVisualStudioVersion = 10.0.40219.1
Project("{FAE04EC0-301F-11D3-BF4B-00C04F79EFBC}") = "AssetManager", "AssetManager.csproj", "{FD7F6EB4-581E-4243-8EAF-93896025D6C9}"
EndProject
Global
	GlobalSection(SolutionConfigurationPlatforms) = preSolution
		Debug|Any CPU = Debug|Any CPU
		Release|Any CPU = Release|Any CPU
	EndGlobalSection
	GlobalSection(ProjectConfigurationPlatforms) = postSolution
		{FD7F6EB4-581E-4243-8EAF-93896025D6C9}.Debug|Any CPU.ActiveCfg = Debug|Any CPU
		{FD7F6EB4-581E-4243-8EAF-93896025D6C9}.Debug|Any CPU.Build.0 = Debug|Any CPU
		{FD7F6EB4-581E-4243-8EAF-93896025D6C9}.Release|Any CPU.ActiveCfg = Release|Any CPU
		{FD7F6EB4-581E-4243-8EAF-93896025D6C9}.Release|Any CPU.Build.0 = Release|Any CPU
	EndGlobalSection
	GlobalSection(SolutionProperties) = preSolution
		HideSolutionNode = FALSE
	EndGlobalSection
	GlobalSection(ExtensibilityGlobals) = postSolution
		SolutionGuid = {293356B9-2E29-47EC-A5F4-13556EFEFF28}
	EndGlobalSection
EndGlobal
